
Microsoft Visual Studio Solution File, Format Version 12.00
# Visual Studio 15
Project("{FAE04EC0-301F-11D3-BF4B-00C04F79EFBC}") = "spine-unity", "spine-unity.csproj", "{6FE2A0A0-2C1E-C539-F67B-077D4D2C71A4}"
EndProject
Project("{FAE04EC0-301F-11D3-BF4B-00C04F79EFBC}") = "Assembly-CSharp", "Assembly-CSharp.csproj", "{C9ECE97A-199D-2A30-BFA0-5FF23763F314}"
EndProject
Project("{FAE04EC0-301F-11D3-BF4B-00C04F79EFBC}") = "spine-unity-editor", "spine-unity-editor.csproj", "{0F047BB1-CC42-0EDF-3F9F-5A04F183DC16}"
EndProject
Global
	GlobalSection(SolutionConfigurationPlatforms) = preSolution
		Debug|Any CPU = Debug|Any CPU
		Release|Any CPU = Release|Any CPU
	EndGlobalSection
	GlobalSection(ProjectConfigurationPlatforms) = postSolution
		{6FE2A0A0-2C1E-C539-F67B-077D4D2C71A4}.Debug|Any CPU.ActiveCfg = Debug|Any CPU
		{6FE2A0A0-2C1E-C539-F67B-077D4D2C71A4}.Debug|Any CPU.Build.0 = Debug|Any CPU
		{6FE2A0A0-2C1E-C539-F67B-077D4D2C71A4}.Release|Any CPU.ActiveCfg = Release|Any CPU
		{6FE2A0A0-2C1E-C539-F67B-077D4D2C71A4}.Release|Any CPU.Build.0 = Release|Any CPU
		{C9ECE97A-199D-2A30-BFA0-5FF23763F314}.Debug|Any CPU.ActiveCfg = Debug|Any CPU
		{C9ECE97A-199D-2A30-BFA0-5FF23763F314}.Debug|Any CPU.Build.0 = Debug|Any CPU
		{C9ECE97A-199D-2A30-BFA0-5FF23763F314}.Release|Any CPU.ActiveCfg = Release|Any CPU
		{C9ECE97A-199D-2A30-BFA0-5FF23763F314}.Release|Any CPU.Build.0 = Release|Any CPU
		{0F047BB1-CC42-0EDF-3F9F-5A04F183DC16}.Debug|Any CPU.ActiveCfg = Debug|Any CPU
		{0F047BB1-CC42-0EDF-3F9F-5A04F183DC16}.Debug|Any CPU.Build.0 = Debug|Any CPU
		{0F047BB1-CC42-0EDF-3F9F-5A04F183DC16}.Release|Any CPU.ActiveCfg = Release|Any CPU
		{0F047BB1-CC42-0EDF-3F9F-5A04F183DC16}.Release|Any CPU.Build.0 = Release|Any CPU
	EndGlobalSection
	GlobalSection(SolutionProperties) = preSolution
		HideSolutionNode = FALSE
	EndGlobalSection
EndGlobal
