
Microsoft Visual Studio Solution File, Format Version 11.00
# Visual Studio 2010
Project("{FAE04EC0-301F-11D3-BF4B-00C04F79EFBC}") = "spine-unity", "spine-unity.csproj", "{a0a0e26f-1e2c-39c5-f67b-077d4d2c71a4}"
EndProject
Project("{FAE04EC0-301F-11D3-BF4B-00C04F79EFBC}") = "Assembly-CSharp", "Assembly-CSharp.csproj", "{7ae9ecc9-9d19-302a-bfa0-5ff23763f314}"
EndProject
Project("{FAE04EC0-301F-11D3-BF4B-00C04F79EFBC}") = "spine-unity-editor", "spine-unity-editor.csproj", "{b17b040f-42cc-df0e-3f9f-5a04f183dc16}"
EndProject
Global
	GlobalSection(SolutionConfigurationPlatforms) = preSolution
		Debug|Any CPU = Debug|Any CPU
	EndGlobalSection
	GlobalSection(ProjectConfigurationPlatforms) = postSolution
		{a0a0e26f-1e2c-39c5-f67b-077d4d2c71a4}.Debug|Any CPU.ActiveCfg = Debug|Any CPU
		{a0a0e26f-1e2c-39c5-f67b-077d4d2c71a4}.Debug|Any CPU.Build.0 = Debug|Any CPU
		{7ae9ecc9-9d19-302a-bfa0-5ff23763f314}.Debug|Any CPU.ActiveCfg = Debug|Any CPU
		{7ae9ecc9-9d19-302a-bfa0-5ff23763f314}.Debug|Any CPU.Build.0 = Debug|Any CPU
		{b17b040f-42cc-df0e-3f9f-5a04f183dc16}.Debug|Any CPU.ActiveCfg = Debug|Any CPU
		{b17b040f-42cc-df0e-3f9f-5a04f183dc16}.Debug|Any CPU.Build.0 = Debug|Any CPU
	EndGlobalSection
	GlobalSection(SolutionProperties) = preSolution
		HideSolutionNode = FALSE
	EndGlobalSection
EndGlobal
